<?xml version="1.0" encoding="utf-8"?>
<Project ToolsVersion="4.0" xmlns="http://schemas.microsoft.com/developer/msbuild/2003">
  <ItemGroup>
    <Filter Include="Source">
      <UniqueIdentifier>{ace5d3ff-ef1d-4be0-8b95-f8e67096c251}</UniqueIdentifier>
    </Filter>
  </ItemGroup>
  <ItemGroup>
    <ClCompile Include="..\Source\UnityAdapter.cpp">
      <Filter>Source</Filter>
    </ClCompile>
    <ClCompile Include="..\Source\UnityAdapterPlugin.cpp">
      <Filter>Source</Filter>
    </ClCompile>
    <ClCompile Include="..\Source\TestPlugin.cpp">
      <Filter>Source</Filter>
    </ClCompile>
    <ClCompile Include="..\Source\UnityArray.cpp">
      <Filter>Source</Filter>
    </ClCompile>
    <ClCompile Include="..\Source\Shared.cpp">
      <Filter>Source</Filter>
    </ClCompile>
    <ClCompile Include="..\..\..\..\..\Perforce\AGFactory\UnityForCpp\UnityForCppPlugin\Source\UnityMessager.cpp">
      <Filter>Source</Filter>
    </ClCompile>
    <ClCompile Include="..\..\..\..\..\Perforce\AGFactory\UnityForCpp\UnityForCppPlugin\Source\UnityMessagerPlugin.cpp">
      <Filter>Source</Filter>
    </ClCompile>
  </ItemGroup>
  <ItemGroup>
    <ClInclude Include="..\Source\UnityAdapter.h">
      <Filter>Source</Filter>
    </ClInclude>
    <ClInclude Include="..\Source\Shared.h">
      <Filter>Source</Filter>
    </ClInclude>
    <ClInclude Include="..\Source\UnityArray.h">
      <Filter>Source</Filter>
    </ClInclude>
    <ClInclude Include="..\..\..\..\..\Perforce\AGFactory\UnityForCpp\UnityForCppPlugin\Source\UnityMessager.h">
      <Filter>Source</Filter>
    </ClInclude>
    <ClInclude Include="..\..\..\..\..\Perforce\AGFactory\UnityForCpp\UnityForCppPlugin\Source\UnityMessager.hpp">
      <Filter>Source</Filter>
    </ClInclude>
  </ItemGroup>
</Project>